
Microsoft Visual Studio Solution File, Format Version 12.00
# Visual Studio Version 16
VisualStudioVersion = 16.0.33801.447
MinimumVisualStudioVersion = 10.0.40219.1
Project("{FAE04EC0-301F-11D3-BF4B-00C04F79EFBC}") = "CursoCSharp", "CursoCSharp\CursoCSharp.csproj", "{CF3E00AC-1181-477A-8E9B-B8D944AA59C8}"
EndProject
Global
	GlobalSection(SolutionConfigurationPlatforms) = preSolution
		Debug|Any CPU = Debug|Any CPU
		Release|Any CPU = Release|Any CPU
	EndGlobalSection
	GlobalSection(ProjectConfigurationPlatforms) = postSolution
		{CF3E00AC-1181-477A-8E9B-B8D944AA59C8}.Debug|Any CPU.ActiveCfg = Debug|Any CPU
		{CF3E00AC-1181-477A-8E9B-B8D944AA59C8}.Debug|Any CPU.Build.0 = Debug|Any CPU
		{CF3E00AC-1181-477A-8E9B-B8D944AA59C8}.Release|Any CPU.ActiveCfg = Release|Any CPU
		{CF3E00AC-1181-477A-8E9B-B8D944AA59C8}.Release|Any CPU.Build.0 = Release|Any CPU
	EndGlobalSection
	GlobalSection(SolutionProperties) = preSolution
		HideSolutionNode = FALSE
	EndGlobalSection
	GlobalSection(ExtensibilityGlobals) = postSolution
		SolutionGuid = {B2606A5D-0BA8-4C8B-AAF3-FDA56A998FD3}
	EndGlobalSection
EndGlobal
